{
  "name": "scantablestudio",
  "version": "1.0.0",
  "lockfileVersion": 3,
  "requires": true,
  "packages": {
    "": {
      "name": "scantablestudio",
      "version": "1.0.0",
      "license": "UNLICENSED",
      "dependencies": {
        "camscanner-cli": "^1.1.8"
      }
    },
    "node_modules/@camscanner-cli/darwin-arm64": {
      "version": "1.1.8",
      "resolved": "https://registry.npmjs.org/@camscanner-cli/darwin-arm64/-/darwin-arm64-1.1.8.tgz",
      "integrity": "sha512-UdxYYcb0q0pHIBhHyb33SeqKRylgXSBomRs0YmZBBj5Tve47KVkGrC1lcu5ffm73BYbITEbzGcqygsaqlUA71w==",
      "cpu": [
        "arm64"
      ],
      "license": "UNLICENSED",
      "optional": true,
      "os": [
        "darwin"
      ]
    },
    "node_modules/@camscanner-cli/darwin-x64": {
      "version": "1.1.8",
      "resolved": "https://registry.npmjs.org/@camscanner-cli/darwin-x64/-/darwin-x64-1.1.8.tgz",
      "integrity": "sha512-4cBWt/bdrpFvseUUgkZ9ozXr0/Yh/sJ5qnpZI5oe0cmgESahYagjK1jUHRHpMZzB++FU4EnqAqbbiSj7giVrAw==",
      "cpu": [
        "x64"
      ],
      "license": "UNLICENSED",
      "optional": true,
      "os": [
        "darwin"
      ]
    },
    "node_modules/@camscanner-cli/linux-arm64": {
      "version": "1.1.8",
      "resolved": "https://registry.npmjs.org/@camscanner-cli/linux-arm64/-/linux-arm64-1.1.8.tgz",
      "integrity": "sha512-Sltrazp7p/TPlRZ3hlKqga2GINOAIOWKYUPbKhi5LCrGschTl1KZ6f8BJVj9xZ5jmbpCtOQxaxtZlulSGpm4FQ==",
      "cpu": [
        "arm64"
      ],
      "license": "UNLICENSED",
      "optional": true,
      "os": [
        "linux"
      ]
    },
    "node_modules/@camscanner-cli/linux-x64": {
      "version": "1.1.8",
      "resolved": "https://registry.npmjs.org/@camscanner-cli/linux-x64/-/linux-x64-1.1.8.tgz",
      "integrity": "sha512-ahXLKpHTTAE7ORzaxk/2H3IL7CS7Zg2YXfbpEVjucfdLbg+pwNH8XFyyi29ob7zMOSLCiqVQSbY4XnbqG82U5A==",
      "cpu": [
        "x64"
      ],
      "license": "UNLICENSED",
      "optional": true,
      "os": [
        "linux"
      ]
    },
    "node_modules/@camscanner-cli/win32-arm64": {
      "version": "1.1.8",
      "resolved": "https://registry.npmjs.org/@camscanner-cli/win32-arm64/-/win32-arm64-1.1.8.tgz",
      "integrity": "sha512-89yHLSKCKR48zD+4qon/m4Vdb1qZ646BCWcCqs5np8q8z+MQw+CXa/CPNxNU+CJdxMMZkXbF1aOB8fO6zP3Ovw==",
      "cpu": [
        "arm64"
      ],
      "license": "UNLICENSED",
      "optional": true,
      "os": [
        "win32"
      ]
    },
    "node_modules/@camscanner-cli/win32-x64": {
      "version": "1.1.8",
      "resolved": "https://registry.npmjs.org/@camscanner-cli/win32-x64/-/win32-x64-1.1.8.tgz",
      "integrity": "sha512-su5ZqYcrLmFAbTJNPQuLgn686CLYFvYxUqHPsY9PACf2vIlYblIYatlEO/R38F8mLIESzQUZ8+dosR05nKtQKg==",
      "cpu": [
        "x64"
      ],
      "license": "UNLICENSED",
      "optional": true,
      "os": [
        "win32"
      ]
    },
    "node_modules/camscanner-cli": {
      "version": "1.1.8",
      "resolved": "https://registry.npmjs.org/camscanner-cli/-/camscanner-cli-1.1.8.tgz",
      "integrity": "sha512-EaH7BjIYdTKKdA75qvrggCAV8U3I8gNh5FEOJwb0IiR/eYyum8sE4nmUZg0LSNgeF/MuHrtL1PfQ3rqpwiRxMQ==",
      "license": "UNLICENSED",
      "bin": {
        "camscanner-cli": "bin/run.js"
      },
      "optionalDependencies": {
        "@camscanner-cli/darwin-arm64": "1.1.8",
        "@camscanner-cli/darwin-x64": "1.1.8",
        "@camscanner-cli/linux-arm64": "1.1.8",
        "@camscanner-cli/linux-x64": "1.1.8",
        "@camscanner-cli/win32-arm64": "1.1.8",
        "@camscanner-cli/win32-x64": "1.1.8"
      }
    }
  },
  "license": "UNLICENSED"
}
